// !$*UTF8*$!
{
	archiveVersion = 1;
	classes = {
	};
	objectVersion = 51;
	objects = {

/* Begin PBXBuildFile section */
		86FC7CC86F5B22E7B66E304B /* Pods_MyDemos.framework in Frameworks */ = {isa = PBXBuildFile; fileRef = 92ECD34EE334B91F6AB5469A /* Pods_MyDemos.framework */; };
		ED2A12D22316358B0014826F /* GHWTimeProfileDetailViewController.m in Sources */ = {isa = PBXBuildFile; fileRef = ED2A12B52316358B0014826F /* GHWTimeProfileDetailViewController.m */; };
		ED2A12D32316358B0014826F /* image_6.jpeg in Resources */ = {isa = PBXBuildFile; fileRef = ED2A12B82316358B0014826F /* image_6.jpeg */; };
		ED2A12D42316358B0014826F /* image_13.jpeg in Resources */ = {isa = PBXBuildFile; fileRef = ED2A12B92316358B0014826F /* image_13.jpeg */; };
		ED2A12D52316358B0014826F /* image_12.jpeg in Resources */ = {isa = PBXBuildFile; fileRef = ED2A12BA2316358B0014826F /* image_12.jpeg */; };
		ED2A12D62316358B0014826F /* image_7.jpeg in Resources */ = {isa = PBXBuildFile; fileRef = ED2A12BB2316358B0014826F /* image_7.jpeg */; };
		ED2A12D72316358B0014826F /* image_15.jpeg in Resources */ = {isa = PBXBuildFile; fileRef = ED2A12BC2316358B0014826F /* image_15.jpeg */; };
		ED2A12D82316358B0014826F /* image_19.jpeg in Resources */ = {isa = PBXBuildFile; fileRef = ED2A12BD2316358B0014826F /* image_19.jpeg */; };
		ED2A12D92316358B0014826F /* image_18.jpeg in Resources */ = {isa = PBXBuildFile; fileRef = ED2A12BE2316358B0014826F /* image_18.jpeg */; };
		ED2A12DA2316358B0014826F /* image_14.jpeg in Resources */ = {isa = PBXBuildFile; fileRef = ED2A12BF2316358B0014826F /* image_14.jpeg */; };
		ED2A12DB2316358B0014826F /* image_1.jpeg in Resources */ = {isa = PBXBuildFile; fileRef = ED2A12C02316358B0014826F /* image_1.jpeg */; };
		ED2A12DC2316358B0014826F /* image_17.jpeg in Resources */ = {isa = PBXBuildFile; fileRef = ED2A12C12316358B0014826F /* image_17.jpeg */; };
		ED2A12DD2316358B0014826F /* image_2.jpeg in Resources */ = {isa = PBXBuildFile; fileRef = ED2A12C22316358B0014826F /* image_2.jpeg */; };
		ED2A12DE2316358B0014826F /* image_20.jpeg in Resources */ = {isa = PBXBuildFile; fileRef = ED2A12C32316358B0014826F /* image_20.jpeg */; };
		ED2A12DF2316358B0014826F /* image_3.jpeg in Resources */ = {isa = PBXBuildFile; fileRef = ED2A12C42316358B0014826F /* image_3.jpeg */; };
		ED2A12E02316358B0014826F /* image_16.jpeg in Resources */ = {isa = PBXBuildFile; fileRef = ED2A12C52316358B0014826F /* image_16.jpeg */; };
		ED2A12E12316358B0014826F /* image_8.jpeg in Resources */ = {isa = PBXBuildFile; fileRef = ED2A12C62316358B0014826F /* image_8.jpeg */; };
		ED2A12E22316358B0014826F /* image_11.jpeg in Resources */ = {isa = PBXBuildFile; fileRef = ED2A12C72316358B0014826F /* image_11.jpeg */; };
		ED2A12E32316358B0014826F /* image_4.jpeg in Resources */ = {isa = PBXBuildFile; fileRef = ED2A12C82316358B0014826F /* image_4.jpeg */; };
		ED2A12E42316358B0014826F /* image_5.jpeg in Resources */ = {isa = PBXBuildFile; fileRef = ED2A12C92316358B0014826F /* image_5.jpeg */; };
		ED2A12E52316358B0014826F /* image_10.jpeg in Resources */ = {isa = PBXBuildFile; fileRef = ED2A12CA2316358B0014826F /* image_10.jpeg */; };
		ED2A12E62316358B0014826F /* image_9.jpeg in Resources */ = {isa = PBXBuildFile; fileRef = ED2A12CB2316358B0014826F /* image_9.jpeg */; };
		ED2A12E72316358B0014826F /* GHWTimeProfileImageLayout.m in Sources */ = {isa = PBXBuildFile; fileRef = ED2A12CC2316358B0014826F /* GHWTimeProfileImageLayout.m */; };
		ED2A12E82316358B0014826F /* GHWTimeProfileMainViewController.m in Sources */ = {isa = PBXBuildFile; fileRef = ED2A12CD2316358B0014826F /* GHWTimeProfileMainViewController.m */; };
		ED2A12E92316358B0014826F /* GHWTimeProfileFlowImageCell.m in Sources */ = {isa = PBXBuildFile; fileRef = ED2A12CE2316358B0014826F /* GHWTimeProfileFlowImageCell.m */; };
		ED2A12EB231636C00014826F /* TimeProfileReadme.md in Resources */ = {isa = PBXBuildFile; fileRef = ED2A12EA231636C00014826F /* TimeProfileReadme.md */; };
		ED33BB5F230BF3DA00C91DEC /* GHWBitToSourceViewController.m in Sources */ = {isa = PBXBuildFile; fileRef = ED33BB5E230BF3DA00C91DEC /* GHWBitToSourceViewController.m */; };
		ED43F96A2308F4DA0044DA50 /* UIDevice+GHW.m in Sources */ = {isa = PBXBuildFile; fileRef = ED43F9682308F4D90044DA50 /* UIDevice+GHW.m */; };
		ED44A96623325EF100656F18 /* GHWAllocationViewController.m in Sources */ = {isa = PBXBuildFile; fileRef = ED44A96023325EF100656F18 /* GHWAllocationViewController.m */; };
		ED44A96723325EF100656F18 /* GHWAllocationImageLayout.m in Sources */ = {isa = PBXBuildFile; fileRef = ED44A96123325EF100656F18 /* GHWAllocationImageLayout.m */; };
		ED44A96823325EF100656F18 /* GHWAllocationDetailViewController.m in Sources */ = {isa = PBXBuildFile; fileRef = ED44A96223325EF100656F18 /* GHWAllocationDetailViewController.m */; };
		ED44A96923325EF100656F18 /* GHWAllocationFlowImageCell.m in Sources */ = {isa = PBXBuildFile; fileRef = ED44A96523325EF100656F18 /* GHWAllocationFlowImageCell.m */; };
		ED71923422E999AA00B1A74E /* AppDelegate.m in Sources */ = {isa = PBXBuildFile; fileRef = ED71923322E999AA00B1A74E /* AppDelegate.m */; };
		ED71923C22E999AC00B1A74E /* Assets.xcassets in Resources */ = {isa = PBXBuildFile; fileRef = ED71923B22E999AC00B1A74E /* Assets.xcassets */; };
		ED71923F22E999AC00B1A74E /* LaunchScreen.storyboard in Resources */ = {isa = PBXBuildFile; fileRef = ED71923D22E999AC00B1A74E /* LaunchScreen.storyboard */; };
		ED71924222E999AC00B1A74E /* main.m in Sources */ = {isa = PBXBuildFile; fileRef = ED71924122E999AC00B1A74E /* main.m */; };
		ED71924A22E9A05E00B1A74E /* GHWHomeViewController.m in Sources */ = {isa = PBXBuildFile; fileRef = ED71924922E9A05E00B1A74E /* GHWHomeViewController.m */; };
		ED71925122E9AD3700B1A74E /* MyDemos.pch in Sources */ = {isa = PBXBuildFile; fileRef = ED71925022E9AA6D00B1A74E /* MyDemos.pch */; };
		ED71925422E9AE3400B1A74E /* GHWHomeTableViewCell.m in Sources */ = {isa = PBXBuildFile; fileRef = ED71925322E9AE3400B1A74E /* GHWHomeTableViewCell.m */; };
		EDA1CAC023052EE9003C47BB /* GHWTouchViewController.m in Sources */ = {isa = PBXBuildFile; fileRef = EDA1CABF23052EE9003C47BB /* GHWTouchViewController.m */; };
		EDA1CAC323052F25003C47BB /* GHWEventAView.m in Sources */ = {isa = PBXBuildFile; fileRef = EDA1CAC223052F25003C47BB /* GHWEventAView.m */; };
		EDA1CAC623052F3F003C47BB /* GHWEventBView.m in Sources */ = {isa = PBXBuildFile; fileRef = EDA1CAC523052F3F003C47BB /* GHWEventBView.m */; };
		EDA1CAC923052F4B003C47BB /* GHWEventCView.m in Sources */ = {isa = PBXBuildFile; fileRef = EDA1CAC823052F4B003C47BB /* GHWEventCView.m */; };
		EDA1CACC23052F5B003C47BB /* GHWEventDView.m in Sources */ = {isa = PBXBuildFile; fileRef = EDA1CACB23052F5B003C47BB /* GHWEventDView.m */; };
		EDA1CACF23052F72003C47BB /* GHWEventEView.m in Sources */ = {isa = PBXBuildFile; fileRef = EDA1CACE23052F72003C47BB /* GHWEventEView.m */; };
		EDA1CAD223053B42003C47BB /* GHWTapGestureRecognizer.m in Sources */ = {isa = PBXBuildFile; fileRef = EDA1CAD123053B42003C47BB /* GHWTapGestureRecognizer.m */; };
		EDA1CAD523066BE1003C47BB /* GHWEventButton.m in Sources */ = {isa = PBXBuildFile; fileRef = EDA1CAD423066BE1003C47BB /* GHWEventButton.m */; };
		EDA1CAD723067BDB003C47BB /* Readme.md in Resources */ = {isa = PBXBuildFile; fileRef = EDA1CAD623067BDB003C47BB /* Readme.md */; };
		EDBB8A16232F2CB0000FA0D4 /* GHWTest0View.m in Sources */ = {isa = PBXBuildFile; fileRef = EDBB8A15232F2CB0000FA0D4 /* GHWTest0View.m */; };
		EDCAC34A2310D6BB007F9FA8 /* GHWLLDBViewController.m in Sources */ = {isa = PBXBuildFile; fileRef = EDCAC3492310D6BB007F9FA8 /* GHWLLDBViewController.m */; };
		EDCAC34D231101E2007F9FA8 /* GHWLLDBObject.m in Sources */ = {isa = PBXBuildFile; fileRef = EDCAC34C231101E2007F9FA8 /* GHWLLDBObject.m */; };
		EDD050BE232E36D800A260AB /* GHWTestViewController.m in Sources */ = {isa = PBXBuildFile; fileRef = EDD050BD232E36D700A260AB /* GHWTestViewController.m */; };
		EDD5447223029EF400092443 /* GHWModuleA.m in Sources */ = {isa = PBXBuildFile; fileRef = EDD5447123029EF400092443 /* GHWModuleA.m */; };
		EDD544792303ECFB00092443 /* GHWAttributeViewController.m in Sources */ = {isa = PBXBuildFile; fileRef = EDD544782303ECFB00092443 /* GHWAttributeViewController.m */; };
		EDD5447C2303EE3700092443 /* GHWBaseViewController.m in Sources */ = {isa = PBXBuildFile; fileRef = EDD5447B2303EE3700092443 /* GHWBaseViewController.m */; };
		EDD5447F2303F14900092443 /* GHWAttributeTestObject.m in Sources */ = {isa = PBXBuildFile; fileRef = EDD5447E2303F14900092443 /* GHWAttributeTestObject.m */; };
		EDD544822303F75F00092443 /* GHWAttributeBaseObject.m in Sources */ = {isa = PBXBuildFile; fileRef = EDD544812303F75F00092443 /* GHWAttributeBaseObject.m */; };
/* End PBXBuildFile section */

/* Begin PBXFileReference section */
		92ECD34EE334B91F6AB5469A /* Pods_MyDemos.framework */ = {isa = PBXFileReference; explicitFileType = wrapper.framework; includeInIndex = 0; path = Pods_MyDemos.framework; sourceTree = BUILT_PRODUCTS_DIR; };
		CB0530AB7F161664F95F55C2 /* Pods-MyDemos.debug.xcconfig */ = {isa = PBXFileReference; includeInIndex = 1; lastKnownFileType = text.xcconfig; name = "Pods-MyDemos.debug.xcconfig"; path = "Target Support Files/Pods-MyDemos/Pods-MyDemos.debug.xcconfig"; sourceTree = "<group>"; };
		D12A5835269FCDF23020B4A1 /* Pods-MyDemos.release.xcconfig */ = {isa = PBXFileReference; includeInIndex = 1; lastKnownFileType = text.xcconfig; name = "Pods-MyDemos.release.xcconfig"; path = "Target Support Files/Pods-MyDemos/Pods-MyDemos.release.xcconfig"; sourceTree = "<group>"; };
		ED2A12B52316358B0014826F /* GHWTimeProfileDetailViewController.m */ = {isa = PBXFileReference; fileEncoding = 4; lastKnownFileType = sourcecode.c.objc; path = GHWTimeProfileDetailViewController.m; sourceTree = "<group>"; };
		ED2A12B62316358B0014826F /* GHWTimeProfileFlowImageCell.h */ = {isa = PBXFileReference; fileEncoding = 4; lastKnownFileType = sourcecode.c.h; path = GHWTimeProfileFlowImageCell.h; sourceTree = "<group>"; };
		ED2A12B82316358B0014826F /* image_6.jpeg */ = {isa = PBXFileReference; lastKnownFileType = image.jpeg; path = image_6.jpeg; sourceTree = "<group>"; };
		ED2A12B92316358B0014826F /* image_13.jpeg */ = {isa = PBXFileReference; lastKnownFileType = image.jpeg; path = image_13.jpeg; sourceTree = "<group>"; };
		ED2A12BA2316358B0014826F /* image_12.jpeg */ = {isa = PBXFileReference; lastKnownFileType = image.jpeg; path = image_12.jpeg; sourceTree = "<group>"; };
		ED2A12BB2316358B0014826F /* image_7.jpeg */ = {isa = PBXFileReference; lastKnownFileType = image.jpeg; path = image_7.jpeg; sourceTree = "<group>"; };
		ED2A12BC2316358B0014826F /* image_15.jpeg */ = {isa = PBXFileReference; lastKnownFileType = image.jpeg; path = image_15.jpeg; sourceTree = "<group>"; };
		ED2A12BD2316358B0014826F /* image_19.jpeg */ = {isa = PBXFileReference; lastKnownFileType = image.jpeg; path = image_19.jpeg; sourceTree = "<group>"; };
		ED2A12BE2316358B0014826F /* image_18.jpeg */ = {isa = PBXFileReference; lastKnownFileType = image.jpeg; path = image_18.jpeg; sourceTree = "<group>"; };
		ED2A12BF2316358B0014826F /* image_14.jpeg */ = {isa = PBXFileReference; lastKnownFileType = image.jpeg; path = image_14.jpeg; sourceTree = "<group>"; };
		ED2A12C02316358B0014826F /* image_1.jpeg */ = {isa = PBXFileReference; lastKnownFileType = image.jpeg; path = image_1.jpeg; sourceTree = "<group>"; };
		ED2A12C12316358B0014826F /* image_17.jpeg */ = {isa = PBXFileReference; lastKnownFileType = image.jpeg; path = image_17.jpeg; sourceTree = "<group>"; };
		ED2A12C22316358B0014826F /* image_2.jpeg */ = {isa = PBXFileReference; lastKnownFileType = image.jpeg; path = image_2.jpeg; sourceTree = "<group>"; };
		ED2A12C32316358B0014826F /* image_20.jpeg */ = {isa = PBXFileReference; lastKnownFileType = image.jpeg; path = image_20.jpeg; sourceTree = "<group>"; };
		ED2A12C42316358B0014826F /* image_3.jpeg */ = {isa = PBXFileReference; lastKnownFileType = image.jpeg; path = image_3.jpeg; sourceTree = "<group>"; };
		ED2A12C52316358B0014826F /* image_16.jpeg */ = {isa = PBXFileReference; lastKnownFileType = image.jpeg; path = image_16.jpeg; sourceTree = "<group>"; };
		ED2A12C62316358B0014826F /* image_8.jpeg */ = {isa = PBXFileReference; lastKnownFileType = image.jpeg; path = image_8.jpeg; sourceTree = "<group>"; };
		ED2A12C72316358B0014826F /* image_11.jpeg */ = {isa = PBXFileReference; lastKnownFileType = image.jpeg; path = image_11.jpeg; sourceTree = "<group>"; };
		ED2A12C82316358B0014826F /* image_4.jpeg */ = {isa = PBXFileReference; lastKnownFileType = image.jpeg; path = image_4.jpeg; sourceTree = "<group>"; };
		ED2A12C92316358B0014826F /* image_5.jpeg */ = {isa = PBXFileReference; lastKnownFileType = image.jpeg; path = image_5.jpeg; sourceTree = "<group>"; };
		ED2A12CA2316358B0014826F /* image_10.jpeg */ = {isa = PBXFileReference; lastKnownFileType = image.jpeg; path = image_10.jpeg; sourceTree = "<group>"; };
		ED2A12CB2316358B0014826F /* image_9.jpeg */ = {isa = PBXFileReference; lastKnownFileType = image.jpeg; path = image_9.jpeg; sourceTree = "<group>"; };
		ED2A12CC2316358B0014826F /* GHWTimeProfileImageLayout.m */ = {isa = PBXFileReference; fileEncoding = 4; lastKnownFileType = sourcecode.c.objc; path = GHWTimeProfileImageLayout.m; sourceTree = "<group>"; };
		ED2A12CD2316358B0014826F /* GHWTimeProfileMainViewController.m */ = {isa = PBXFileReference; fileEncoding = 4; lastKnownFileType = sourcecode.c.objc; path = GHWTimeProfileMainViewController.m; sourceTree = "<group>"; };
		ED2A12CE2316358B0014826F /* GHWTimeProfileFlowImageCell.m */ = {isa = PBXFileReference; fileEncoding = 4; lastKnownFileType = sourcecode.c.objc; path = GHWTimeProfileFlowImageCell.m; sourceTree = "<group>"; };
		ED2A12CF2316358B0014826F /* GHWTimeProfileDetailViewController.h */ = {isa = PBXFileReference; fileEncoding = 4; lastKnownFileType = sourcecode.c.h; path = GHWTimeProfileDetailViewController.h; sourceTree = "<group>"; };
		ED2A12D02316358B0014826F /* GHWTimeProfileMainViewController.h */ = {isa = PBXFileReference; fileEncoding = 4; lastKnownFileType = sourcecode.c.h; path = GHWTimeProfileMainViewController.h; sourceTree = "<group>"; };
		ED2A12D12316358B0014826F /* GHWTimeProfileImageLayout.h */ = {isa = PBXFileReference; fileEncoding = 4; lastKnownFileType = sourcecode.c.h; path = GHWTimeProfileImageLayout.h; sourceTree = "<group>"; };
		ED2A12EA231636C00014826F /* TimeProfileReadme.md */ = {isa = PBXFileReference; fileEncoding = 4; lastKnownFileType = net.daringfireball.markdown; path = TimeProfileReadme.md; sourceTree = "<group>"; };
		ED33BB5D230BF3DA00C91DEC /* GHWBitToSourceViewController.h */ = {isa = PBXFileReference; lastKnownFileType = sourcecode.c.h; path = GHWBitToSourceViewController.h; sourceTree = "<group>"; };
		ED33BB5E230BF3DA00C91DEC /* GHWBitToSourceViewController.m */ = {isa = PBXFileReference; lastKnownFileType = sourcecode.c.objc; path = GHWBitToSourceViewController.m; sourceTree = "<group>"; };
		ED43F9682308F4D90044DA50 /* UIDevice+GHW.m */ = {isa = PBXFileReference; fileEncoding = 4; lastKnownFileType = sourcecode.c.objc; path = "UIDevice+GHW.m"; sourceTree = "<group>"; };
		ED43F9692308F4DA0044DA50 /* UIDevice+GHW.h */ = {isa = PBXFileReference; fileEncoding = 4; lastKnownFileType = sourcecode.c.h; path = "UIDevice+GHW.h"; sourceTree = "<group>"; };
		ED44A95E23325EF100656F18 /* GHWAllocationViewController.h */ = {isa = PBXFileReference; fileEncoding = 4; lastKnownFileType = sourcecode.c.h; path = GHWAllocationViewController.h; sourceTree = "<group>"; };
		ED44A95F23325EF100656F18 /* GHWAllocationImageLayout.h */ = {isa = PBXFileReference; fileEncoding = 4; lastKnownFileType = sourcecode.c.h; path = GHWAllocationImageLayout.h; sourceTree = "<group>"; };
		ED44A96023325EF100656F18 /* GHWAllocationViewController.m */ = {isa = PBXFileReference; fileEncoding = 4; lastKnownFileType = sourcecode.c.objc; path = GHWAllocationViewController.m; sourceTree = "<group>"; };
		ED44A96123325EF100656F18 /* GHWAllocationImageLayout.m */ = {isa = PBXFileReference; fileEncoding = 4; lastKnownFileType = sourcecode.c.objc; path = GHWAllocationImageLayout.m; sourceTree = "<group>"; };
		ED44A96223325EF100656F18 /* GHWAllocationDetailViewController.m */ = {isa = PBXFileReference; fileEncoding = 4; lastKnownFileType = sourcecode.c.objc; path = GHWAllocationDetailViewController.m; sourceTree = "<group>"; };
		ED44A96323325EF100656F18 /* GHWAllocationFlowImageCell.h */ = {isa = PBXFileReference; fileEncoding = 4; lastKnownFileType = sourcecode.c.h; path = GHWAllocationFlowImageCell.h; sourceTree = "<group>"; };
		ED44A96423325EF100656F18 /* GHWAllocationDetailViewController.h */ = {isa = PBXFileReference; fileEncoding = 4; lastKnownFileType = sourcecode.c.h; path = GHWAllocationDetailViewController.h; sourceTree = "<group>"; };
		ED44A96523325EF100656F18 /* GHWAllocationFlowImageCell.m */ = {isa = PBXFileReference; fileEncoding = 4; lastKnownFileType = sourcecode.c.objc; path = GHWAllocationFlowImageCell.m; sourceTree = "<group>"; };
		ED71922F22E999AA00B1A74E /* MyDemos.app */ = {isa = PBXFileReference; explicitFileType = wrapper.application; includeInIndex = 0; path = MyDemos.app; sourceTree = BUILT_PRODUCTS_DIR; };
		ED71923222E999AA00B1A74E /* AppDelegate.h */ = {isa = PBXFileReference; lastKnownFileType = sourcecode.c.h; path = AppDelegate.h; sourceTree = "<group>"; };
		ED71923322E999AA00B1A74E /* AppDelegate.m */ = {isa = PBXFileReference; lastKnownFileType = sourcecode.c.objc; path = AppDelegate.m; sourceTree = "<group>"; };
		ED71923B22E999AC00B1A74E /* Assets.xcassets */ = {isa = PBXFileReference; lastKnownFileType = folder.assetcatalog; path = Assets.xcassets; sourceTree = "<group>"; };
		ED71923E22E999AC00B1A74E /* Base */ = {isa = PBXFileReference; lastKnownFileType = file.storyboard; name = Base; path = Base.lproj/LaunchScreen.storyboard; sourceTree = "<group>"; };
		ED71924022E999AC00B1A74E /* Info.plist */ = {isa = PBXFileReference; lastKnownFileType = text.plist.xml; path = Info.plist; sourceTree = "<group>"; };
		ED71924122E999AC00B1A74E /* main.m */ = {isa = PBXFileReference; lastKnownFileType = sourcecode.c.objc; path = main.m; sourceTree = "<group>"; };
		ED71924822E9A05E00B1A74E /* GHWHomeViewController.h */ = {isa = PBXFileReference; lastKnownFileType = sourcecode.c.h; path = GHWHomeViewController.h; sourceTree = "<group>"; };
		ED71924922E9A05E00B1A74E /* GHWHomeViewController.m */ = {isa = PBXFileReference; lastKnownFileType = sourcecode.c.objc; path = GHWHomeViewController.m; sourceTree = "<group>"; };
		ED71925022E9AA6D00B1A74E /* MyDemos.pch */ = {isa = PBXFileReference; lastKnownFileType = sourcecode.c.h; path = MyDemos.pch; sourceTree = "<group>"; };
		ED71925222E9AE3400B1A74E /* GHWHomeTableViewCell.h */ = {isa = PBXFileReference; lastKnownFileType = sourcecode.c.h; path = GHWHomeTableViewCell.h; sourceTree = "<group>"; };
		ED71925322E9AE3400B1A74E /* GHWHomeTableViewCell.m */ = {isa = PBXFileReference; lastKnownFileType = sourcecode.c.objc; path = GHWHomeTableViewCell.m; sourceTree = "<group>"; };
		EDA1CABE23052EE9003C47BB /* GHWTouchViewController.h */ = {isa = PBXFileReference; lastKnownFileType = sourcecode.c.h; path = GHWTouchViewController.h; sourceTree = "<group>"; };
		EDA1CABF23052EE9003C47BB /* GHWTouchViewController.m */ = {isa = PBXFileReference; lastKnownFileType = sourcecode.c.objc; path = GHWTouchViewController.m; sourceTree = "<group>"; };
		EDA1CAC123052F25003C47BB /* GHWEventAView.h */ = {isa = PBXFileReference; lastKnownFileType = sourcecode.c.h; path = GHWEventAView.h; sourceTree = "<group>"; };
		EDA1CAC223052F25003C47BB /* GHWEventAView.m */ = {isa = PBXFileReference; lastKnownFileType = sourcecode.c.objc; path = GHWEventAView.m; sourceTree = "<group>"; };
		EDA1CAC423052F3F003C47BB /* GHWEventBView.h */ = {isa = PBXFileReference; lastKnownFileType = sourcecode.c.h; path = GHWEventBView.h; sourceTree = "<group>"; };
		EDA1CAC523052F3F003C47BB /* GHWEventBView.m */ = {isa = PBXFileReference; lastKnownFileType = sourcecode.c.objc; path = GHWEventBView.m; sourceTree = "<group>"; };
		EDA1CAC723052F4B003C47BB /* GHWEventCView.h */ = {isa = PBXFileReference; lastKnownFileType = sourcecode.c.h; path = GHWEventCView.h; sourceTree = "<group>"; };
		EDA1CAC823052F4B003C47BB /* GHWEventCView.m */ = {isa = PBXFileReference; lastKnownFileType = sourcecode.c.objc; path = GHWEventCView.m; sourceTree = "<group>"; };
		EDA1CACA23052F5B003C47BB /* GHWEventDView.h */ = {isa = PBXFileReference; lastKnownFileType = sourcecode.c.h; path = GHWEventDView.h; sourceTree = "<group>"; };
		EDA1CACB23052F5B003C47BB /* GHWEventDView.m */ = {isa = PBXFileReference; lastKnownFileType = sourcecode.c.objc; path = GHWEventDView.m; sourceTree = "<group>"; };
		EDA1CACD23052F72003C47BB /* GHWEventEView.h */ = {isa = PBXFileReference; lastKnownFileType = sourcecode.c.h; path = GHWEventEView.h; sourceTree = "<group>"; };
		EDA1CACE23052F72003C47BB /* GHWEventEView.m */ = {isa = PBXFileReference; lastKnownFileType = sourcecode.c.objc; path = GHWEventEView.m; sourceTree = "<group>"; };
		EDA1CAD023053B42003C47BB /* GHWTapGestureRecognizer.h */ = {isa = PBXFileReference; lastKnownFileType = sourcecode.c.h; path = GHWTapGestureRecognizer.h; sourceTree = "<group>"; };
		EDA1CAD123053B42003C47BB /* GHWTapGestureRecognizer.m */ = {isa = PBXFileReference; lastKnownFileType = sourcecode.c.objc; path = GHWTapGestureRecognizer.m; sourceTree = "<group>"; };
		EDA1CAD323066BE1003C47BB /* GHWEventButton.h */ = {isa = PBXFileReference; lastKnownFileType = sourcecode.c.h; path = GHWEventButton.h; sourceTree = "<group>"; };
		EDA1CAD423066BE1003C47BB /* GHWEventButton.m */ = {isa = PBXFileReference; lastKnownFileType = sourcecode.c.objc; path = GHWEventButton.m; sourceTree = "<group>"; };
		EDA1CAD623067BDB003C47BB /* Readme.md */ = {isa = PBXFileReference; fileEncoding = 4; lastKnownFileType = net.daringfireball.markdown; path = Readme.md; sourceTree = "<group>"; };
		EDBB8A14232F2CB0000FA0D4 /* GHWTest0View.h */ = {isa = PBXFileReference; lastKnownFileType = sourcecode.c.h; path = GHWTest0View.h; sourceTree = "<group>"; };
		EDBB8A15232F2CB0000FA0D4 /* GHWTest0View.m */ = {isa = PBXFileReference; lastKnownFileType = sourcecode.c.objc; path = GHWTest0View.m; sourceTree = "<group>"; };
		EDCAC3482310D6BB007F9FA8 /* GHWLLDBViewController.h */ = {isa = PBXFileReference; lastKnownFileType = sourcecode.c.h; path = GHWLLDBViewController.h; sourceTree = "<group>"; };
		EDCAC3492310D6BB007F9FA8 /* GHWLLDBViewController.m */ = {isa = PBXFileReference; lastKnownFileType = sourcecode.c.objc; path = GHWLLDBViewController.m; sourceTree = "<group>"; };
		EDCAC34B231101E2007F9FA8 /* GHWLLDBObject.h */ = {isa = PBXFileReference; lastKnownFileType = sourcecode.c.h; path = GHWLLDBObject.h; sourceTree = "<group>"; };
		EDCAC34C231101E2007F9FA8 /* GHWLLDBObject.m */ = {isa = PBXFileReference; lastKnownFileType = sourcecode.c.objc; path = GHWLLDBObject.m; sourceTree = "<group>"; };
		EDD050BC232E36D700A260AB /* GHWTestViewController.h */ = {isa = PBXFileReference; fileEncoding = 4; lastKnownFileType = sourcecode.c.h; path = GHWTestViewController.h; sourceTree = "<group>"; };
		EDD050BD232E36D700A260AB /* GHWTestViewController.m */ = {isa = PBXFileReference; fileEncoding = 4; lastKnownFileType = sourcecode.c.objc; path = GHWTestViewController.m; sourceTree = "<group>"; };
		EDD5447023029EF400092443 /* GHWModuleA.h */ = {isa = PBXFileReference; lastKnownFileType = sourcecode.c.h; path = GHWModuleA.h; sourceTree = "<group>"; };
		EDD5447123029EF400092443 /* GHWModuleA.m */ = {isa = PBXFileReference; lastKnownFileType = sourcecode.c.objc; path = GHWModuleA.m; sourceTree = "<group>"; };
		EDD544772303ECFB00092443 /* GHWAttributeViewController.h */ = {isa = PBXFileReference; lastKnownFileType = sourcecode.c.h; path = GHWAttributeViewController.h; sourceTree = "<group>"; };
		EDD544782303ECFB00092443 /* GHWAttributeViewController.m */ = {isa = PBXFileReference; lastKnownFileType = sourcecode.c.objc; path = GHWAttributeViewController.m; sourceTree = "<group>"; };
		EDD5447A2303EE3700092443 /* GHWBaseViewController.h */ = {isa = PBXFileReference; lastKnownFileType = sourcecode.c.h; path = GHWBaseViewController.h; sourceTree = "<group>"; };
		EDD5447B2303EE3700092443 /* GHWBaseViewController.m */ = {isa = PBXFileReference; lastKnownFileType = sourcecode.c.objc; path = GHWBaseViewController.m; sourceTree = "<group>"; };
		EDD5447D2303F14900092443 /* GHWAttributeTestObject.h */ = {isa = PBXFileReference; lastKnownFileType = sourcecode.c.h; path = GHWAttributeTestObject.h; sourceTree = "<group>"; };
		EDD5447E2303F14900092443 /* GHWAttributeTestObject.m */ = {isa = PBXFileReference; lastKnownFileType = sourcecode.c.objc; path = GHWAttributeTestObject.m; sourceTree = "<group>"; };
		EDD544802303F75F00092443 /* GHWAttributeBaseObject.h */ = {isa = PBXFileReference; lastKnownFileType = sourcecode.c.h; path = GHWAttributeBaseObject.h; sourceTree = "<group>"; };
		EDD544812303F75F00092443 /* GHWAttributeBaseObject.m */ = {isa = PBXFileReference; lastKnownFileType = sourcecode.c.objc; path = GHWAttributeBaseObject.m; sourceTree = "<group>"; };
/* End PBXFileReference section */

/* Begin PBXFrameworksBuildPhase section */
		ED71922C22E999AA00B1A74E /* Frameworks */ = {
			isa = PBXFrameworksBuildPhase;
			buildActionMask = 2147483647;
			files = (
				86FC7CC86F5B22E7B66E304B /* Pods_MyDemos.framework in Frameworks */,
			);
			runOnlyForDeploymentPostprocessing = 0;
		};
/* End PBXFrameworksBuildPhase section */

/* Begin PBXGroup section */
		2B241CE993EB989B6B62331D /* Frameworks */ = {
			isa = PBXGroup;
			children = (
				92ECD34EE334B91F6AB5469A /* Pods_MyDemos.framework */,
			);
			name = Frameworks;
			sourceTree = "<group>";
		};
		3B09B2B93AC44F478D53AAA7 /* Pods */ = {
			isa = PBXGroup;
			children = (
				CB0530AB7F161664F95F55C2 /* Pods-MyDemos.debug.xcconfig */,
				D12A5835269FCDF23020B4A1 /* Pods-MyDemos.release.xcconfig */,
			);
			path = Pods;
			sourceTree = "<group>";
		};
		ED2A12B42316358B0014826F /* TimeProfile */ = {
			isa = PBXGroup;
			children = (
				ED2A12EA231636C00014826F /* TimeProfileReadme.md */,
				ED2A12B72316358B0014826F /* images */,
				ED2A12B62316358B0014826F /* GHWTimeProfileFlowImageCell.h */,
				ED2A12CE2316358B0014826F /* GHWTimeProfileFlowImageCell.m */,
				ED2A12CF2316358B0014826F /* GHWTimeProfileDetailViewController.h */,
				ED2A12B52316358B0014826F /* GHWTimeProfileDetailViewController.m */,
				ED2A12D02316358B0014826F /* GHWTimeProfileMainViewController.h */,
				ED2A12CD2316358B0014826F /* GHWTimeProfileMainViewController.m */,
				ED2A12D12316358B0014826F /* GHWTimeProfileImageLayout.h */,
				ED2A12CC2316358B0014826F /* GHWTimeProfileImageLayout.m */,
			);
			path = TimeProfile;
			sourceTree = "<group>";
		};
		ED2A12B72316358B0014826F /* images */ = {
			isa = PBXGroup;
			children = (
				ED2A12B82316358B0014826F /* image_6.jpeg */,
				ED2A12B92316358B0014826F /* image_13.jpeg */,
				ED2A12BA2316358B0014826F /* image_12.jpeg */,
				ED2A12BB2316358B0014826F /* image_7.jpeg */,
				ED2A12BC2316358B0014826F /* image_15.jpeg */,
				ED2A12BD2316358B0014826F /* image_19.jpeg */,
				ED2A12BE2316358B0014826F /* image_18.jpeg */,
				ED2A12BF2316358B0014826F /* image_14.jpeg */,
				ED2A12C02316358B0014826F /* image_1.jpeg */,
				ED2A12C12316358B0014826F /* image_17.jpeg */,
				ED2A12C22316358B0014826F /* image_2.jpeg */,
				ED2A12C32316358B0014826F /* image_20.jpeg */,
				ED2A12C42316358B0014826F /* image_3.jpeg */,
				ED2A12C52316358B0014826F /* image_16.jpeg */,
				ED2A12C62316358B0014826F /* image_8.jpeg */,
				ED2A12C72316358B0014826F /* image_11.jpeg */,
				ED2A12C82316358B0014826F /* image_4.jpeg */,
				ED2A12C92316358B0014826F /* image_5.jpeg */,
				ED2A12CA2316358B0014826F /* image_10.jpeg */,
				ED2A12CB2316358B0014826F /* image_9.jpeg */,
			);
			path = images;
			sourceTree = "<group>";
		};
		ED33BB5C230BF3B800C91DEC /* bitToSource */ = {
			isa = PBXGroup;
			children = (
				ED33BB5D230BF3DA00C91DEC /* GHWBitToSourceViewController.h */,
				ED33BB5E230BF3DA00C91DEC /* GHWBitToSourceViewController.m */,
			);
			path = bitToSource;
			sourceTree = "<group>";
		};
		ED44A95823325DB600656F18 /* Allocation */ = {
			isa = PBXGroup;
			children = (
				ED44A96423325EF100656F18 /* GHWAllocationDetailViewController.h */,
				ED44A96223325EF100656F18 /* GHWAllocationDetailViewController.m */,
				ED44A96323325EF100656F18 /* GHWAllocationFlowImageCell.h */,
				ED44A96523325EF100656F18 /* GHWAllocationFlowImageCell.m */,
				ED44A95F23325EF100656F18 /* GHWAllocationImageLayout.h */,
				ED44A96123325EF100656F18 /* GHWAllocationImageLayout.m */,
				ED44A95E23325EF100656F18 /* GHWAllocationViewController.h */,
				ED44A96023325EF100656F18 /* GHWAllocationViewController.m */,
			);
			path = Allocation;
			sourceTree = "<group>";
		};
		ED64282923176CF900B37880 /* Extension */ = {
			isa = PBXGroup;
			children = (
				EDD050BC232E36D700A260AB /* GHWTestViewController.h */,
				EDD050BD232E36D700A260AB /* GHWTestViewController.m */,
				EDBB8A14232F2CB0000FA0D4 /* GHWTest0View.h */,
				EDBB8A15232F2CB0000FA0D4 /* GHWTest0View.m */,
			);
			path = Extension;
			sourceTree = "<group>";
		};
		ED71922622E999A900B1A74E = {
			isa = PBXGroup;
			children = (
				ED71923122E999AA00B1A74E /* MyDemos */,
				ED71923022E999AA00B1A74E /* Products */,
				3B09B2B93AC44F478D53AAA7 /* Pods */,
				2B241CE993EB989B6B62331D /* Frameworks */,
			);
			sourceTree = "<group>";
		};
		ED71923022E999AA00B1A74E /* Products */ = {
			isa = PBXGroup;
			children = (
				ED71922F22E999AA00B1A74E /* MyDemos.app */,
			);
			name = Products;
			sourceTree = "<group>";
		};
		ED71923122E999AA00B1A74E /* MyDemos */ = {
			isa = PBXGroup;
			children = (
				ED44A95823325DB600656F18 /* Allocation */,
				ED64282923176CF900B37880 /* Extension */,
				ED2A12B42316358B0014826F /* TimeProfile */,
				EDCAC3472310D5A1007F9FA8 /* lldb */,
				ED33BB5C230BF3B800C91DEC /* bitToSource */,
				EDA1CABD23052E8A003C47BB /* TouchEvent */,
				EDD5446C23029E6200092443 /* launchManager */,
				ED71924B22E9A82000B1A74E /* Base */,
				ED71923222E999AA00B1A74E /* AppDelegate.h */,
				ED71923322E999AA00B1A74E /* AppDelegate.m */,
				ED71924822E9A05E00B1A74E /* GHWHomeViewController.h */,
				ED71924922E9A05E00B1A74E /* GHWHomeViewController.m */,
				ED71925022E9AA6D00B1A74E /* MyDemos.pch */,
				ED71925222E9AE3400B1A74E /* GHWHomeTableViewCell.h */,
				ED71925322E9AE3400B1A74E /* GHWHomeTableViewCell.m */,
			);
			path = MyDemos;
			sourceTree = "<group>";
		};
		ED71924B22E9A82000B1A74E /* Base */ = {
			isa = PBXGroup;
			children = (
				ED71924122E999AC00B1A74E /* main.m */,
				ED71924022E999AC00B1A74E /* Info.plist */,
				ED71923B22E999AC00B1A74E /* Assets.xcassets */,
				ED71923D22E999AC00B1A74E /* LaunchScreen.storyboard */,
				ED43F9692308F4DA0044DA50 /* UIDevice+GHW.h */,
				ED43F9682308F4D90044DA50 /* UIDevice+GHW.m */,
				EDD5447A2303EE3700092443 /* GHWBaseViewController.h */,
				EDD5447B2303EE3700092443 /* GHWBaseViewController.m */,
			);
			path = Base;
			sourceTree = "<group>";
		};
		EDA1CABD23052E8A003C47BB /* TouchEvent */ = {
			isa = PBXGroup;
			children = (
				EDA1CAD623067BDB003C47BB /* Readme.md */,
				EDA1CABE23052EE9003C47BB /* GHWTouchViewController.h */,
				EDA1CABF23052EE9003C47BB /* GHWTouchViewController.m */,
				EDA1CAC123052F25003C47BB /* GHWEventAView.h */,
				EDA1CAC223052F25003C47BB /* GHWEventAView.m */,
				EDA1CAC423052F3F003C47BB /* GHWEventBView.h */,
				EDA1CAC523052F3F003C47BB /* GHWEventBView.m */,
				EDA1CAC723052F4B003C47BB /* GHWEventCView.h */,
				EDA1CAC823052F4B003C47BB /* GHWEventCView.m */,
				EDA1CACA23052F5B003C47BB /* GHWEventDView.h */,
				EDA1CACB23052F5B003C47BB /* GHWEventDView.m */,
				EDA1CACD23052F72003C47BB /* GHWEventEView.h */,
				EDA1CACE23052F72003C47BB /* GHWEventEView.m */,
				EDA1CAD023053B42003C47BB /* GHWTapGestureRecognizer.h */,
				EDA1CAD123053B42003C47BB /* GHWTapGestureRecognizer.m */,
				EDA1CAD323066BE1003C47BB /* GHWEventButton.h */,
				EDA1CAD423066BE1003C47BB /* GHWEventButton.m */,
			);
			path = TouchEvent;
			sourceTree = "<group>";
		};
		EDCAC3472310D5A1007F9FA8 /* lldb */ = {
			isa = PBXGroup;
			children = (
				EDCAC3482310D6BB007F9FA8 /* GHWLLDBViewController.h */,
				EDCAC3492310D6BB007F9FA8 /* GHWLLDBViewController.m */,
				EDCAC34B231101E2007F9FA8 /* GHWLLDBObject.h */,
				EDCAC34C231101E2007F9FA8 /* GHWLLDBObject.m */,
			);
			path = lldb;
			sourceTree = "<group>";
		};
		EDD5446C23029E6200092443 /* launchManager */ = {
			isa = PBXGroup;
			children = (
				EDD5447023029EF400092443 /* GHWModuleA.h */,
				EDD5447123029EF400092443 /* GHWModuleA.m */,
				EDD544772303ECFB00092443 /* GHWAttributeViewController.h */,
				EDD544782303ECFB00092443 /* GHWAttributeViewController.m */,
				EDD5447D2303F14900092443 /* GHWAttributeTestObject.h */,
				EDD5447E2303F14900092443 /* GHWAttributeTestObject.m */,
				EDD544802303F75F00092443 /* GHWAttributeBaseObject.h */,
				EDD544812303F75F00092443 /* GHWAttributeBaseObject.m */,
			);
			path = launchManager;
			sourceTree = "<group>";
		};
/* End PBXGroup section */

/* Begin PBXNativeTarget section */
		ED71922E22E999AA00B1A74E /* MyDemos */ = {
			isa = PBXNativeTarget;
			buildConfigurationList = ED71924522E999AC00B1A74E /* Build configuration list for PBXNativeTarget "MyDemos" */;
			buildPhases = (
				D8F2408C5B1167B9CD7546B9 /* [CP] Check Pods Manifest.lock */,
				ED71922B22E999AA00B1A74E /* Sources */,
				ED71922C22E999AA00B1A74E /* Frameworks */,
				ED71922D22E999AA00B1A74E /* Resources */,
				6D40A4D75F9EC6944096234F /* [CP] Embed Pods Frameworks */,
			);
			buildRules = (
			);
			dependencies = (
			);
			name = MyDemos;
			productName = MyDemos;
			productReference = ED71922F22E999AA00B1A74E /* MyDemos.app */;
			productType = "com.apple.product-type.application";
		};
/* End PBXNativeTarget section */

/* Begin PBXProject section */
		ED71922722E999A900B1A74E /* Project object */ = {
			isa = PBXProject;
			attributes = {
				LastUpgradeCheck = 1020;
				ORGANIZATIONNAME = Jingyao;
				TargetAttributes = {
					ED71922E22E999AA00B1A74E = {
						CreatedOnToolsVersion = 10.2.1;
					};
				};
			};
			buildConfigurationList = ED71922A22E999A900B1A74E /* Build configuration list for PBXProject "MyDemos" */;
			compatibilityVersion = "Xcode 9.3";
			developmentRegion = en;
			hasScannedForEncodings = 0;
			knownRegions = (
				en,
				Base,
			);
			mainGroup = ED71922622E999A900B1A74E;
			productRefGroup = ED71923022E999AA00B1A74E /* Products */;
			projectDirPath = "";
			projectRoot = "";
			targets = (
				ED71922E22E999AA00B1A74E /* MyDemos */,
			);
		};
/* End PBXProject section */

/* Begin PBXResourcesBuildPhase section */
		ED71922D22E999AA00B1A74E /* Resources */ = {
			isa = PBXResourcesBuildPhase;
			buildActionMask = 2147483647;
			files = (
				ED2A12D52316358B0014826F /* image_12.jpeg in Resources */,
				ED2A12DF2316358B0014826F /* image_3.jpeg in Resources */,
				ED2A12D62316358B0014826F /* image_7.jpeg in Resources */,
				ED2A12E62316358B0014826F /* image_9.jpeg in Resources */,
				ED2A12E42316358B0014826F /* image_5.jpeg in Resources */,
				ED71923F22E999AC00B1A74E /* LaunchScreen.storyboard in Resources */,
				ED2A12D32316358B0014826F /* image_6.jpeg in Resources */,
				ED2A12DE2316358B0014826F /* image_20.jpeg in Resources */,
				ED71923C22E999AC00B1A74E /* Assets.xcassets in Resources */,
				ED2A12E02316358B0014826F /* image_16.jpeg in Resources */,
				ED2A12E52316358B0014826F /* image_10.jpeg in Resources */,
				ED2A12E22316358B0014826F /* image_11.jpeg in Resources */,
				ED2A12DD2316358B0014826F /* image_2.jpeg in Resources */,
				ED2A12E12316358B0014826F /* image_8.jpeg in Resources */,
				ED2A12E32316358B0014826F /* image_4.jpeg in Resources */,
				ED2A12D92316358B0014826F /* image_18.jpeg in Resources */,
				EDA1CAD723067BDB003C47BB /* Readme.md in Resources */,
				ED2A12DB2316358B0014826F /* image_1.jpeg in Resources */,
				ED2A12DA2316358B0014826F /* image_14.jpeg in Resources */,
				ED2A12EB231636C00014826F /* TimeProfileReadme.md in Resources */,
				ED2A12D42316358B0014826F /* image_13.jpeg in Resources */,
				ED2A12DC2316358B0014826F /* image_17.jpeg in Resources */,
				ED2A12D72316358B0014826F /* image_15.jpeg in Resources */,
				ED2A12D82316358B0014826F /* image_19.jpeg in Resources */,
			);
			runOnlyForDeploymentPostprocessing = 0;
		};
/* End PBXResourcesBuildPhase section */

/* Begin PBXShellScriptBuildPhase section */
		6D40A4D75F9EC6944096234F /* [CP] Embed Pods Frameworks */ = {
			isa = PBXShellScriptBuildPhase;
			buildActionMask = 2147483647;
			files = (
			);
			inputFileListPaths = (
				"${PODS_ROOT}/Target Support Files/Pods-MyDemos/Pods-MyDemos-frameworks-${CONFIGURATION}-input-files.xcfilelist",
			);
			name = "[CP] Embed Pods Frameworks";
			outputFileListPaths = (
				"${PODS_ROOT}/Target Support Files/Pods-MyDemos/Pods-MyDemos-frameworks-${CONFIGURATION}-output-files.xcfilelist",
			);
			runOnlyForDeploymentPostprocessing = 0;
			shellPath = /bin/sh;
			shellScript = "\"${PODS_ROOT}/Target Support Files/Pods-MyDemos/Pods-MyDemos-frameworks.sh\"\n";
			showEnvVarsInLog = 0;
		};
		D8F2408C5B1167B9CD7546B9 /* [CP] Check Pods Manifest.lock */ = {
			isa = PBXShellScriptBuildPhase;
			buildActionMask = 2147483647;
			files = (
			);
			inputFileListPaths = (
			);
			inputPaths = (
				"${PODS_PODFILE_DIR_PATH}/Podfile.lock",
				"${PODS_ROOT}/Manifest.lock",
			);
			name = "[CP] Check Pods Manifest.lock";
			outputFileListPaths = (
			);
			outputPaths = (
				"$(DERIVED_FILE_DIR)/Pods-MyDemos-checkManifestLockResult.txt",
			);
			runOnlyForDeploymentPostprocessing = 0;
			shellPath = /bin/sh;
			shellScript = "diff \"${PODS_PODFILE_DIR_PATH}/Podfile.lock\" \"${PODS_ROOT}/Manifest.lock\" > /dev/null\nif [ $? != 0 ] ; then\n    # print error to STDERR\n    echo \"error: The sandbox is not in sync with the Podfile.lock. Run 'pod install' or update your CocoaPods installation.\" >&2\n    exit 1\nfi\n# This output is used by Xcode 'outputs' to avoid re-running this script phase.\necho \"SUCCESS\" > \"${SCRIPT_OUTPUT_FILE_0}\"\n";
			showEnvVarsInLog = 0;
		};
/* End PBXShellScriptBuildPhase section */

/* Begin PBXSourcesBuildPhase section */
		ED71922B22E999AA00B1A74E /* Sources */ = {
			isa = PBXSourcesBuildPhase;
			buildActionMask = 2147483647;
			files = (
				ED71925122E9AD3700B1A74E /* MyDemos.pch in Sources */,
				ED71925422E9AE3400B1A74E /* GHWHomeTableViewCell.m in Sources */,
				ED2A12E72316358B0014826F /* GHWTimeProfileImageLayout.m in Sources */,
				ED2A12E92316358B0014826F /* GHWTimeProfileFlowImageCell.m in Sources */,
				EDCAC34D231101E2007F9FA8 /* GHWLLDBObject.m in Sources */,
				EDD5447223029EF400092443 /* GHWModuleA.m in Sources */,
				EDA1CAC323052F25003C47BB /* GHWEventAView.m in Sources */,
				ED44A96623325EF100656F18 /* GHWAllocationViewController.m in Sources */,
				EDCAC34A2310D6BB007F9FA8 /* GHWLLDBViewController.m in Sources */,
				ED2A12D22316358B0014826F /* GHWTimeProfileDetailViewController.m in Sources */,
				EDD544822303F75F00092443 /* GHWAttributeBaseObject.m in Sources */,
				EDBB8A16232F2CB0000FA0D4 /* GHWTest0View.m in Sources */,
				EDD544792303ECFB00092443 /* GHWAttributeViewController.m in Sources */,
				EDD050BE232E36D800A260AB /* GHWTestViewController.m in Sources */,
				ED71924A22E9A05E00B1A74E /* GHWHomeViewController.m in Sources */,
				EDA1CAD223053B42003C47BB /* GHWTapGestureRecognizer.m in Sources */,
				EDA1CAC023052EE9003C47BB /* GHWTouchViewController.m in Sources */,
				ED33BB5F230BF3DA00C91DEC /* GHWBitToSourceViewController.m in Sources */,
				EDD5447F2303F14900092443 /* GHWAttributeTestObject.m in Sources */,
				ED44A96823325EF100656F18 /* GHWAllocationDetailViewController.m in Sources */,
				ED43F96A2308F4DA0044DA50 /* UIDevice+GHW.m in Sources */,
				ED44A96723325EF100656F18 /* GHWAllocationImageLayout.m in Sources */,
				EDA1CACF23052F72003C47BB /* GHWEventEView.m in Sources */,
				ED71924222E999AC00B1A74E /* main.m in Sources */,
				EDD5447C2303EE3700092443 /* GHWBaseViewController.m in Sources */,
				ED71923422E999AA00B1A74E /* AppDelegate.m in Sources */,
				EDA1CAD523066BE1003C47BB /* GHWEventButton.m in Sources */,
				EDA1CAC923052F4B003C47BB /* GHWEventCView.m in Sources */,
				EDA1CAC623052F3F003C47BB /* GHWEventBView.m in Sources */,
				EDA1CACC23052F5B003C47BB /* GHWEventDView.m in Sources */,
				ED44A96923325EF100656F18 /* GHWAllocationFlowImageCell.m in Sources */,
				ED2A12E82316358B0014826F /* GHWTimeProfileMainViewController.m in Sources */,
			);
			runOnlyForDeploymentPostprocessing = 0;
		};
/* End PBXSourcesBuildPhase section */

/* Begin PBXVariantGroup section */
		ED71923D22E999AC00B1A74E /* LaunchScreen.storyboard */ = {
			isa = PBXVariantGroup;
			children = (
				ED71923E22E999AC00B1A74E /* Base */,
			);
			name = LaunchScreen.storyboard;
			sourceTree = "<group>";
		};
/* End PBXVariantGroup section */

/* Begin XCBuildConfiguration section */
		ED71924322E999AC00B1A74E /* Debug */ = {
			isa = XCBuildConfiguration;
			buildSettings = {
				ALWAYS_SEARCH_USER_PATHS = NO;
				CLANG_ANALYZER_NONNULL = YES;
				CLANG_ANALYZER_NUMBER_OBJECT_CONVERSION = YES_AGGRESSIVE;
				CLANG_CXX_LANGUAGE_STANDARD = "gnu++14";
				CLANG_CXX_LIBRARY = "libc++";
				CLANG_ENABLE_MODULES = YES;
				CLANG_ENABLE_OBJC_ARC = YES;
				CLANG_ENABLE_OBJC_WEAK = YES;
				CLANG_WARN_BLOCK_CAPTURE_AUTORELEASING = YES;
				CLANG_WARN_BOOL_CONVERSION = YES;
				CLANG_WARN_COMMA = YES;
				CLANG_WARN_CONSTANT_CONVERSION = YES;
				CLANG_WARN_DEPRECATED_OBJC_IMPLEMENTATIONS = YES;
				CLANG_WARN_DIRECT_OBJC_ISA_USAGE = YES_ERROR;
				CLANG_WARN_DOCUMENTATION_COMMENTS = YES;
				CLANG_WARN_EMPTY_BODY = YES;
				CLANG_WARN_ENUM_CONVERSION = YES;
				CLANG_WARN_INFINITE_RECURSION = YES;
				CLANG_WARN_INT_CONVERSION = YES;
				CLANG_WARN_NON_LITERAL_NULL_CONVERSION = YES;
				CLANG_WARN_OBJC_IMPLICIT_RETAIN_SELF = YES;
				CLANG_WARN_OBJC_LITERAL_CONVERSION = YES;
				CLANG_WARN_OBJC_ROOT_CLASS = YES_ERROR;
				CLANG_WARN_RANGE_LOOP_ANALYSIS = YES;
				CLANG_WARN_STRICT_PROTOTYPES = YES;
				CLANG_WARN_SUSPICIOUS_MOVE = YES;
				CLANG_WARN_UNGUARDED_AVAILABILITY = YES_AGGRESSIVE;
				CLANG_WARN_UNREACHABLE_CODE = YES;
				CLANG_WARN__DUPLICATE_METHOD_MATCH = YES;
				CODE_SIGN_IDENTITY = "iPhone Developer";
				COPY_PHASE_STRIP = NO;
				DEBUG_INFORMATION_FORMAT = dwarf;
				ENABLE_STRICT_OBJC_MSGSEND = YES;
				ENABLE_TESTABILITY = YES;
				GCC_C_LANGUAGE_STANDARD = gnu11;
				GCC_DYNAMIC_NO_PIC = NO;
				GCC_NO_COMMON_BLOCKS = YES;
				GCC_OPTIMIZATION_LEVEL = 0;
				GCC_PRECOMPILE_PREFIX_HEADER = YES;
				GCC_PREPROCESSOR_DEFINITIONS = (
					"DEBUG=1",
					"$(inherited)",
				);
				GCC_WARN_64_TO_32_BIT_CONVERSION = YES;
				GCC_WARN_ABOUT_RETURN_TYPE = YES_ERROR;
				GCC_WARN_UNDECLARED_SELECTOR = YES;
				GCC_WARN_UNINITIALIZED_AUTOS = YES_AGGRESSIVE;
				GCC_WARN_UNUSED_FUNCTION = YES;
				GCC_WARN_UNUSED_VARIABLE = YES;
				IPHONEOS_DEPLOYMENT_TARGET = 12.2;
				MTL_ENABLE_DEBUG_INFO = INCLUDE_SOURCE;
				MTL_FAST_MATH = YES;
				ONLY_ACTIVE_ARCH = YES;
				SDKROOT = iphoneos;
			};
			name = Debug;
		};
		ED71924422E999AC00B1A74E /* Release */ = {
			isa = XCBuildConfiguration;
			buildSettings = {
				ALWAYS_SEARCH_USER_PATHS = NO;
				CLANG_ANALYZER_NONNULL = YES;
				CLANG_ANALYZER_NUMBER_OBJECT_CONVERSION = YES_AGGRESSIVE;
				CLANG_CXX_LANGUAGE_STANDARD = "gnu++14";
				CLANG_CXX_LIBRARY = "libc++";
				CLANG_ENABLE_MODULES = YES;
				CLANG_ENABLE_OBJC_ARC = YES;
				CLANG_ENABLE_OBJC_WEAK = YES;
				CLANG_WARN_BLOCK_CAPTURE_AUTORELEASING = YES;
				CLANG_WARN_BOOL_CONVERSION = YES;
				CLANG_WARN_COMMA = YES;
				CLANG_WARN_CONSTANT_CONVERSION = YES;
				CLANG_WARN_DEPRECATED_OBJC_IMPLEMENTATIONS = YES;
				CLANG_WARN_DIRECT_OBJC_ISA_USAGE = YES_ERROR;
				CLANG_WARN_DOCUMENTATION_COMMENTS = YES;
				CLANG_WARN_EMPTY_BODY = YES;
				CLANG_WARN_ENUM_CONVERSION = YES;
				CLANG_WARN_INFINITE_RECURSION = YES;
				CLANG_WARN_INT_CONVERSION = YES;
				CLANG_WARN_NON_LITERAL_NULL_CONVERSION = YES;
				CLANG_WARN_OBJC_IMPLICIT_RETAIN_SELF = YES;
				CLANG_WARN_OBJC_LITERAL_CONVERSION = YES;
				CLANG_WARN_OBJC_ROOT_CLASS = YES_ERROR;
				CLANG_WARN_RANGE_LOOP_ANALYSIS = YES;
				CLANG_WARN_STRICT_PROTOTYPES = YES;
				CLANG_WARN_SUSPICIOUS_MOVE = YES;
				CLANG_WARN_UNGUARDED_AVAILABILITY = YES_AGGRESSIVE;
				CLANG_WARN_UNREACHABLE_CODE = YES;
				CLANG_WARN__DUPLICATE_METHOD_MATCH = YES;
				CODE_SIGN_IDENTITY = "iPhone Developer";
				COPY_PHASE_STRIP = NO;
				DEBUG_INFORMATION_FORMAT = "dwarf-with-dsym";
				ENABLE_NS_ASSERTIONS = NO;
				ENABLE_STRICT_OBJC_MSGSEND = YES;
				GCC_C_LANGUAGE_STANDARD = gnu11;
				GCC_NO_COMMON_BLOCKS = YES;
				GCC_PRECOMPILE_PREFIX_HEADER = YES;
				GCC_WARN_64_TO_32_BIT_CONVERSION = YES;
				GCC_WARN_ABOUT_RETURN_TYPE = YES_ERROR;
				GCC_WARN_UNDECLARED_SELECTOR = YES;
				GCC_WARN_UNINITIALIZED_AUTOS = YES_AGGRESSIVE;
				GCC_WARN_UNUSED_FUNCTION = YES;
				GCC_WARN_UNUSED_VARIABLE = YES;
				IPHONEOS_DEPLOYMENT_TARGET = 12.2;
				MTL_ENABLE_DEBUG_INFO = NO;
				MTL_FAST_MATH = YES;
				SDKROOT = iphoneos;
				VALIDATE_PRODUCT = YES;
			};
			name = Release;
		};
		ED71924622E999AC00B1A74E /* Debug */ = {
			isa = XCBuildConfiguration;
			baseConfigurationReference = CB0530AB7F161664F95F55C2 /* Pods-MyDemos.debug.xcconfig */;
			buildSettings = {
				ASSETCATALOG_COMPILER_APPICON_NAME = AppIcon;
				CODE_SIGN_STYLE = Automatic;
				DEPLOYMENT_POSTPROCESSING = NO;
				DEVELOPMENT_TEAM = 2HMG43AYW9;
				FRAMEWORK_SEARCH_PATHS = (
					"$(inherited)",
					"$(PROJECT_DIR)/MyDemos/bitToSource",
					"$(PROJECT_DIR)",
				);
				GCC_PREFIX_HEADER = "$(SRCROOT)/MyDemos/MyDemos.pch";
				INFOPLIST_FILE = MyDemos/Base/Info.plist;
				IPHONEOS_DEPLOYMENT_TARGET = 11.0;
				LD_GENERATE_MAP_FILE = NO;
				LD_RUNPATH_SEARCH_PATHS = (
					"$(inherited)",
					"@executable_path/Frameworks",
				);
				PRODUCT_BUNDLE_IDENTIFIER = com.jingyao.MyDemos;
				PRODUCT_NAME = "$(TARGET_NAME)";
				STRIP_STYLE = all;
				TARGETED_DEVICE_FAMILY = "1,2";
				VALID_ARCHS = arm64;
			};
			name = Debug;
		};
		ED71924722E999AC00B1A74E /* Release */ = {
			isa = XCBuildConfiguration;
			baseConfigurationReference = D12A5835269FCDF23020B4A1 /* Pods-MyDemos.release.xcconfig */;
			buildSettings = {
				ASSETCATALOG_COMPILER_APPICON_NAME = AppIcon;
				CODE_SIGN_STYLE = Automatic;
				DEPLOYMENT_POSTPROCESSING = NO;
				DEVELOPMENT_TEAM = 2HMG43AYW9;
				FRAMEWORK_SEARCH_PATHS = (
					"$(inherited)",
					"$(PROJECT_DIR)/MyDemos/bitToSource",
					"$(PROJECT_DIR)",
				);
				GCC_PREFIX_HEADER = "$(SRCROOT)/MyDemos/MyDemos.pch";
				INFOPLIST_FILE = MyDemos/Base/Info.plist;
				IPHONEOS_DEPLOYMENT_TARGET = 11.0;
				LD_GENERATE_MAP_FILE = NO;
				LD_RUNPATH_SEARCH_PATHS = (
					"$(inherited)",
					"@executable_path/Frameworks",
				);
				ONLY_ACTIVE_ARCH = YES;
				PRODUCT_BUNDLE_IDENTIFIER = com.jingyao.MyDemos;
				PRODUCT_NAME = "$(TARGET_NAME)";
				STRIP_STYLE = all;
				TARGETED_DEVICE_FAMILY = "1,2";
				VALID_ARCHS = arm64;
			};
			name = Release;
		};
/* End XCBuildConfiguration section */

/* Begin XCConfigurationList section */
		ED71922A22E999A900B1A74E /* Build configuration list for PBXProject "MyDemos" */ = {
			isa = XCConfigurationList;
			buildConfigurations = (
				ED71924322E999AC00B1A74E /* Debug */,
				ED71924422E999AC00B1A74E /* Release */,
			);
			defaultConfigurationIsVisible = 0;
			defaultConfigurationName = Release;
		};
		ED71924522E999AC00B1A74E /* Build configuration list for PBXNativeTarget "MyDemos" */ = {
			isa = XCConfigurationList;
			buildConfigurations = (
				ED71924622E999AC00B1A74E /* Debug */,
				ED71924722E999AC00B1A74E /* Release */,
			);
			defaultConfigurationIsVisible = 0;
			defaultConfigurationName = Release;
		};
/* End XCConfigurationList section */
	};
	rootObject = ED71922722E999A900B1A74E /* Project object */;
}
